# This file is automatically @generated by Cargo.
# It is not intended for manual editing.
version = 3

[[package]]
name = "proc-macro2"
version = "1.0.85"
source = "registry+https://github.com/rust-lang/crates.io-index"
checksum = "22244ce15aa966053a896d1accb3a6e68469b97c7f33f284b99f0d576879fc23"
dependencies = [
 "unicode-ident",
]

[[package]]
name = "unicode-ident"
version = "1.0.12"
source = "registry+https://github.com/rust-lang/crates.io-index"
checksum = "3354b9ac3fae1ff6755cb6db53683adb661634f67557942dea4facebec0fee4b"

[[package]]
name = "vermouth"
version = "0.1.0"
dependencies = [
 "proc-macro2",
]
