# This file is automatically @generated by Cargo.
# It is not intended for manual editing.
version = 3

[[package]]
name = "document-features"
version = "0.2.10"
source = "registry+https://github.com/rust-lang/crates.io-index"
checksum = "cb6969eaabd2421f8a2775cfd2471a2b634372b4a25d41e3bd647b79912850a0"
dependencies = [
 "litrs",
]

[[package]]
name = "litrs"
version = "0.4.1"
source = "registry+https://github.com/rust-lang/crates.io-index"
checksum = "b4ce301924b7887e9d637144fdade93f9dfff9b60981d4ac161db09720d39aa5"

[[package]]
name = "proc-macro2"
version = "1.0.86"
source = "registry+https://github.com/rust-lang/crates.io-index"
checksum = "5e719e8df665df0d1c8fbfd238015744736151d4445ec0836b8e628aae103b77"
dependencies = [
 "unicode-ident",
]

[[package]]
name = "smallvec"
version = "1.13.2"
source = "registry+https://github.com/rust-lang/crates.io-index"
checksum = "3c5e1a9a646d36c3599cd173a41282daf47c44583ad367b8e6837255952e5c67"

[[package]]
name = "toy"
version = "0.0.0"
dependencies = [
 "toy-macros",
]

[[package]]
name = "toy-macros"
version = "0.0.0"
dependencies = [
 "vermouth",
]

[[package]]
name = "unicode-ident"
version = "1.0.12"
source = "registry+https://github.com/rust-lang/crates.io-index"
checksum = "3354b9ac3fae1ff6755cb6db53683adb661634f67557942dea4facebec0fee4b"

[[package]]
name = "vermouth"
version = "0.2.0"
dependencies = [
 "document-features",
 "proc-macro2",
 "smallvec",
]
